
Microsoft Visual Studio Solution File, Format Version 12.00
# Visual Studio Version 17
VisualStudioVersion = 17.11.35222.181
MinimumVisualStudioVersion = 10.0.40219.1
Project("{FAE04EC0-301F-11D3-BF4B-00C04F79EFBC}") = "DDS2_ModCreation_Helper", "DDS2_ModCreation_Helper\DDS2_ModCreation_Helper.csproj", "{421ABE57-7B0F-4BEC-AF4B-603F3966AE28}"
EndProject
Global
	GlobalSection(SolutionConfigurationPlatforms) = preSolution
		Debug|Any CPU = Debug|Any CPU
		Release|Any CPU = Release|Any CPU
	EndGlobalSection
	GlobalSection(ProjectConfigurationPlatforms) = postSolution
		{421ABE57-7B0F-4BEC-AF4B-603F3966AE28}.Debug|Any CPU.ActiveCfg = Debug|Any CPU
		{421ABE57-7B0F-4BEC-AF4B-603F3966AE28}.Debug|Any CPU.Build.0 = Debug|Any CPU
		{421ABE57-7B0F-4BEC-AF4B-603F3966AE28}.Release|Any CPU.ActiveCfg = Release|Any CPU
		{421ABE57-7B0F-4BEC-AF4B-603F3966AE28}.Release|Any CPU.Build.0 = Release|Any CPU
	EndGlobalSection
	GlobalSection(SolutionProperties) = preSolution
		HideSolutionNode = FALSE
	EndGlobalSection
	GlobalSection(ExtensibilityGlobals) = postSolution
		SolutionGuid = {736D443D-E783-4A72-81E9-1339302B59FB}
	EndGlobalSection
EndGlobal
